
Microsoft Visual Studio Solution File, Format Version 12.00
# Visual Studio Version 16
VisualStudioVersion = 16.0.31624.102
MinimumVisualStudioVersion = 10.0.40219.1
Project("{FAE04EC0-301F-11D3-BF4B-00C04F79EFBC}") = "PayrollSystem", "PayrollSystem\PayrollSystem.csproj", "{CA26FF20-FD85-4903-BE0C-6390FC2039CB}"
EndProject
Global
	GlobalSection(SolutionConfigurationPlatforms) = preSolution
		Debug|Any CPU = Debug|Any CPU
		Release|Any CPU = Release|Any CPU
	EndGlobalSection
	GlobalSection(ProjectConfigurationPlatforms) = postSolution
		{CA26FF20-FD85-4903-BE0C-6390FC2039CB}.Debug|Any CPU.ActiveCfg = Debug|Any CPU
		{CA26FF20-FD85-4903-BE0C-6390FC2039CB}.Debug|Any CPU.Build.0 = Debug|Any CPU
		{CA26FF20-FD85-4903-BE0C-6390FC2039CB}.Release|Any CPU.ActiveCfg = Release|Any CPU
		{CA26FF20-FD85-4903-BE0C-6390FC2039CB}.Release|Any CPU.Build.0 = Release|Any CPU
	EndGlobalSection
	GlobalSection(SolutionProperties) = preSolution
		HideSolutionNode = FALSE
	EndGlobalSection
	GlobalSection(ExtensibilityGlobals) = postSolution
		SolutionGuid = {25085AB1-B3F1-4B43-9B68-5A0A8F511FC3}
	EndGlobalSection
EndGlobal
